// !$*UTF8*$!
{
	archiveVersion = 1;
	classes = {
	};
	objectVersion = 46;
	objects = {

/* Begin PBXBuildFile section */
		E4E45FD71EF5A77100F6FF21 /* AppDelegate.swift in Sources */ = {isa = PBXBuildFile; fileRef = E4E45FD61EF5A77100F6FF21 /* AppDelegate.swift */; };
		E4E45FD91EF5A77100F6FF21 /* ViewController.swift in Sources */ = {isa = PBXBuildFile; fileRef = E4E45FD81EF5A77100F6FF21 /* ViewController.swift */; };
		E4E45FDC1EF5A77100F6FF21 /* Main.storyboard in Resources */ = {isa = PBXBuildFile; fileRef = E4E45FDA1EF5A77100F6FF21 /* Main.storyboard */; };
		E4E45FDE1EF5A77100F6FF21 /* Assets.xcassets in Resources */ = {isa = PBXBuildFile; fileRef = E4E45FDD1EF5A77100F6FF21 /* Assets.xcassets */; };
		E4E45FEA1EF5A7E600F6FF21 /* WebBrowser.storyboard in Resources */ = {isa = PBXBuildFile; fileRef = E4E45FE91EF5A7E600F6FF21 /* WebBrowser.storyboard */; };
		E4E45FEC1EF5A82F00F6FF21 /* WebBrowserViewController.swift in Sources */ = {isa = PBXBuildFile; fileRef = E4E45FEB1EF5A82F00F6FF21 /* WebBrowserViewController.swift */; };
		E4E45FEE1EF5BFE700F6FF21 /* CustomizedURLProtocol.swift in Sources */ = {isa = PBXBuildFile; fileRef = E4E45FED1EF5BFE700F6FF21 /* CustomizedURLProtocol.swift */; };
/* End PBXBuildFile section */

/* Begin PBXFileReference section */
		E4E45FD31EF5A77100F6FF21 /* iOSExamples.app */ = {isa = PBXFileReference; explicitFileType = wrapper.application; includeInIndex = 0; path = iOSExamples.app; sourceTree = BUILT_PRODUCTS_DIR; };
		E4E45FD61EF5A77100F6FF21 /* AppDelegate.swift */ = {isa = PBXFileReference; lastKnownFileType = sourcecode.swift; path = AppDelegate.swift; sourceTree = "<group>"; };
		E4E45FD81EF5A77100F6FF21 /* ViewController.swift */ = {isa = PBXFileReference; lastKnownFileType = sourcecode.swift; path = ViewController.swift; sourceTree = "<group>"; };
		E4E45FDB1EF5A77100F6FF21 /* Base */ = {isa = PBXFileReference; lastKnownFileType = file.storyboard; name = Base; path = Base.lproj/Main.storyboard; sourceTree = "<group>"; };
		E4E45FDD1EF5A77100F6FF21 /* Assets.xcassets */ = {isa = PBXFileReference; lastKnownFileType = folder.assetcatalog; path = Assets.xcassets; sourceTree = "<group>"; };
		E4E45FE21EF5A77100F6FF21 /* Info.plist */ = {isa = PBXFileReference; lastKnownFileType = text.plist.xml; path = Info.plist; sourceTree = "<group>"; };
		E4E45FE91EF5A7E600F6FF21 /* WebBrowser.storyboard */ = {isa = PBXFileReference; fileEncoding = 4; lastKnownFileType = file.storyboard; name = WebBrowser.storyboard; path = WebBrowserInterceptor/WebBrowser.storyboard; sourceTree = "<group>"; };
		E4E45FEB1EF5A82F00F6FF21 /* WebBrowserViewController.swift */ = {isa = PBXFileReference; fileEncoding = 4; lastKnownFileType = sourcecode.swift; name = WebBrowserViewController.swift; path = WebBrowserInterceptor/WebBrowserViewController.swift; sourceTree = "<group>"; };
		E4E45FED1EF5BFE700F6FF21 /* CustomizedURLProtocol.swift */ = {isa = PBXFileReference; fileEncoding = 4; lastKnownFileType = sourcecode.swift; name = CustomizedURLProtocol.swift; path = WebBrowserInterceptor/CustomizedURLProtocol.swift; sourceTree = "<group>"; };
/* End PBXFileReference section */

/* Begin PBXFrameworksBuildPhase section */
		E4E45FD01EF5A77100F6FF21 /* Frameworks */ = {
			isa = PBXFrameworksBuildPhase;
			buildActionMask = 2147483647;
			files = (
			);
			runOnlyForDeploymentPostprocessing = 0;
		};
/* End PBXFrameworksBuildPhase section */

/* Begin PBXGroup section */
		E4E45FCA1EF5A77100F6FF21 = {
			isa = PBXGroup;
			children = (
				E4E45FE81EF5A79F00F6FF21 /* WebBrowserInterceptor */,
				E4E45FD51EF5A77100F6FF21 /* iOSExamples */,
				E4E45FD41EF5A77100F6FF21 /* Products */,
			);
			sourceTree = "<group>";
		};
		E4E45FD41EF5A77100F6FF21 /* Products */ = {
			isa = PBXGroup;
			children = (
				E4E45FD31EF5A77100F6FF21 /* iOSExamples.app */,
			);
			name = Products;
			sourceTree = "<group>";
		};
		E4E45FD51EF5A77100F6FF21 /* iOSExamples */ = {
			isa = PBXGroup;
			children = (
				E4E45FD61EF5A77100F6FF21 /* AppDelegate.swift */,
				E4E45FD81EF5A77100F6FF21 /* ViewController.swift */,
				E4E45FDA1EF5A77100F6FF21 /* Main.storyboard */,
				E4E45FDD1EF5A77100F6FF21 /* Assets.xcassets */,
				E4E45FE21EF5A77100F6FF21 /* Info.plist */,
			);
			path = iOSExamples;
			sourceTree = "<group>";
		};
		E4E45FE81EF5A79F00F6FF21 /* WebBrowserInterceptor */ = {
			isa = PBXGroup;
			children = (
				E4E45FE91EF5A7E600F6FF21 /* WebBrowser.storyboard */,
				E4E45FEB1EF5A82F00F6FF21 /* WebBrowserViewController.swift */,
				E4E45FED1EF5BFE700F6FF21 /* CustomizedURLProtocol.swift */,
			);
			name = WebBrowserInterceptor;
			sourceTree = "<group>";
		};
/* End PBXGroup section */

/* Begin PBXNativeTarget section */
		E4E45FD21EF5A77100F6FF21 /* iOSExamples */ = {
			isa = PBXNativeTarget;
			buildConfigurationList = E4E45FE51EF5A77100F6FF21 /* Build configuration list for PBXNativeTarget "iOSExamples" */;
			buildPhases = (
				E4E45FCF1EF5A77100F6FF21 /* Sources */,
				E4E45FD01EF5A77100F6FF21 /* Frameworks */,
				E4E45FD11EF5A77100F6FF21 /* Resources */,
			);
			buildRules = (
			);
			dependencies = (
			);
			name = iOSExamples;
			productName = iOSExamples;
			productReference = E4E45FD31EF5A77100F6FF21 /* iOSExamples.app */;
			productType = "com.apple.product-type.application";
		};
/* End PBXNativeTarget section */

/* Begin PBXProject section */
		E4E45FCB1EF5A77100F6FF21 /* Project object */ = {
			isa = PBXProject;
			attributes = {
				LastSwiftUpdateCheck = 0830;
				LastUpgradeCheck = 0830;
				ORGANIZATIONNAME = "Ji Wang";
				TargetAttributes = {
					E4E45FD21EF5A77100F6FF21 = {
						CreatedOnToolsVersion = 8.3.3;
						DevelopmentTeam = 698JT75A9V;
						ProvisioningStyle = Automatic;
					};
				};
			};
			buildConfigurationList = E4E45FCE1EF5A77100F6FF21 /* Build configuration list for PBXProject "iOSExamples" */;
			compatibilityVersion = "Xcode 3.2";
			developmentRegion = English;
			hasScannedForEncodings = 0;
			knownRegions = (
				en,
				Base,
			);
			mainGroup = E4E45FCA1EF5A77100F6FF21;
			productRefGroup = E4E45FD41EF5A77100F6FF21 /* Products */;
			projectDirPath = "";
			projectRoot = "";
			targets = (
				E4E45FD21EF5A77100F6FF21 /* iOSExamples */,
			);
		};
/* End PBXProject section */

/* Begin PBXResourcesBuildPhase section */
		E4E45FD11EF5A77100F6FF21 /* Resources */ = {
			isa = PBXResourcesBuildPhase;
			buildActionMask = 2147483647;
			files = (
				E4E45FEA1EF5A7E600F6FF21 /* WebBrowser.storyboard in Resources */,
				E4E45FDE1EF5A77100F6FF21 /* Assets.xcassets in Resources */,
				E4E45FDC1EF5A77100F6FF21 /* Main.storyboard in Resources */,
			);
			runOnlyForDeploymentPostprocessing = 0;
		};
/* End PBXResourcesBuildPhase section */

/* Begin PBXSourcesBuildPhase section */
		E4E45FCF1EF5A77100F6FF21 /* Sources */ = {
			isa = PBXSourcesBuildPhase;
			buildActionMask = 2147483647;
			files = (
				E4E45FD91EF5A77100F6FF21 /* ViewController.swift in Sources */,
				E4E45FD71EF5A77100F6FF21 /* AppDelegate.swift in Sources */,
				E4E45FEE1EF5BFE700F6FF21 /* CustomizedURLProtocol.swift in Sources */,
				E4E45FEC1EF5A82F00F6FF21 /* WebBrowserViewController.swift in Sources */,
			);
			runOnlyForDeploymentPostprocessing = 0;
		};
/* End PBXSourcesBuildPhase section */

/* Begin PBXVariantGroup section */
		E4E45FDA1EF5A77100F6FF21 /* Main.storyboard */ = {
			isa = PBXVariantGroup;
			children = (
				E4E45FDB1EF5A77100F6FF21 /* Base */,
			);
			name = Main.storyboard;
			sourceTree = "<group>";
		};
/* End PBXVariantGroup section */

/* Begin XCBuildConfiguration section */
		E4E45FE31EF5A77100F6FF21 /* Debug */ = {
			isa = XCBuildConfiguration;
			buildSettings = {
				ALWAYS_SEARCH_USER_PATHS = NO;
				CLANG_ANALYZER_NONNULL = YES;
				CLANG_ANALYZER_NUMBER_OBJECT_CONVERSION = YES_AGGRESSIVE;
				CLANG_CXX_LANGUAGE_STANDARD = "gnu++0x";
				CLANG_CXX_LIBRARY = "libc++";
				CLANG_ENABLE_MODULES = YES;
				CLANG_ENABLE_OBJC_ARC = YES;
				CLANG_WARN_BOOL_CONVERSION = YES;
				CLANG_WARN_CONSTANT_CONVERSION = YES;
				CLANG_WARN_DIRECT_OBJC_ISA_USAGE = YES_ERROR;
				CLANG_WARN_DOCUMENTATION_COMMENTS = YES;
				CLANG_WARN_EMPTY_BODY = YES;
				CLANG_WARN_ENUM_CONVERSION = YES;
				CLANG_WARN_INFINITE_RECURSION = YES;
				CLANG_WARN_INT_CONVERSION = YES;
				CLANG_WARN_OBJC_ROOT_CLASS = YES_ERROR;
				CLANG_WARN_SUSPICIOUS_MOVE = YES;
				CLANG_WARN_UNREACHABLE_CODE = YES;
				CLANG_WARN__DUPLICATE_METHOD_MATCH = YES;
				"CODE_SIGN_IDENTITY[sdk=iphoneos*]" = "iPhone Developer";
				COPY_PHASE_STRIP = NO;
				DEBUG_INFORMATION_FORMAT = dwarf;
				ENABLE_STRICT_OBJC_MSGSEND = YES;
				ENABLE_TESTABILITY = YES;
				GCC_C_LANGUAGE_STANDARD = gnu99;
				GCC_DYNAMIC_NO_PIC = NO;
				GCC_NO_COMMON_BLOCKS = YES;
				GCC_OPTIMIZATION_LEVEL = 0;
				GCC_PREPROCESSOR_DEFINITIONS = (
					"DEBUG=1",
					"$(inherited)",
				);
				GCC_WARN_64_TO_32_BIT_CONVERSION = YES;
				GCC_WARN_ABOUT_RETURN_TYPE = YES_ERROR;
				GCC_WARN_UNDECLARED_SELECTOR = YES;
				GCC_WARN_UNINITIALIZED_AUTOS = YES_AGGRESSIVE;
				GCC_WARN_UNUSED_FUNCTION = YES;
				GCC_WARN_UNUSED_VARIABLE = YES;
				IPHONEOS_DEPLOYMENT_TARGET = 10.3;
				MTL_ENABLE_DEBUG_INFO = YES;
				ONLY_ACTIVE_ARCH = YES;
				SDKROOT = iphoneos;
				SWIFT_ACTIVE_COMPILATION_CONDITIONS = DEBUG;
				SWIFT_OPTIMIZATION_LEVEL = "-Onone";
			};
			name = Debug;
		};
		E4E45FE41EF5A77100F6FF21 /* Release */ = {
			isa = XCBuildConfiguration;
			buildSettings = {
				ALWAYS_SEARCH_USER_PATHS = NO;
				CLANG_ANALYZER_NONNULL = YES;
				CLANG_ANALYZER_NUMBER_OBJECT_CONVERSION = YES_AGGRESSIVE;
				CLANG_CXX_LANGUAGE_STANDARD = "gnu++0x";
				CLANG_CXX_LIBRARY = "libc++";
				CLANG_ENABLE_MODULES = YES;
				CLANG_ENABLE_OBJC_ARC = YES;
				CLANG_WARN_BOOL_CONVERSION = YES;
				CLANG_WARN_CONSTANT_CONVERSION = YES;
				CLANG_WARN_DIRECT_OBJC_ISA_USAGE = YES_ERROR;
				CLANG_WARN_DOCUMENTATION_COMMENTS = YES;
				CLANG_WARN_EMPTY_BODY = YES;
				CLANG_WARN_ENUM_CONVERSION = YES;
				CLANG_WARN_INFINITE_RECURSION = YES;
				CLANG_WARN_INT_CONVERSION = YES;
				CLANG_WARN_OBJC_ROOT_CLASS = YES_ERROR;
				CLANG_WARN_SUSPICIOUS_MOVE = YES;
				CLANG_WARN_UNREACHABLE_CODE = YES;
				CLANG_WARN__DUPLICATE_METHOD_MATCH = YES;
				"CODE_SIGN_IDENTITY[sdk=iphoneos*]" = "iPhone Developer";
				COPY_PHASE_STRIP = NO;
				DEBUG_INFORMATION_FORMAT = "dwarf-with-dsym";
				ENABLE_NS_ASSERTIONS = NO;
				ENABLE_STRICT_OBJC_MSGSEND = YES;
				GCC_C_LANGUAGE_STANDARD = gnu99;
				GCC_NO_COMMON_BLOCKS = YES;
				GCC_WARN_64_TO_32_BIT_CONVERSION = YES;
				GCC_WARN_ABOUT_RETURN_TYPE = YES_ERROR;
				GCC_WARN_UNDECLARED_SELECTOR = YES;
				GCC_WARN_UNINITIALIZED_AUTOS = YES_AGGRESSIVE;
				GCC_WARN_UNUSED_FUNCTION = YES;
				GCC_WARN_UNUSED_VARIABLE = YES;
				IPHONEOS_DEPLOYMENT_TARGET = 10.3;
				MTL_ENABLE_DEBUG_INFO = NO;
				SDKROOT = iphoneos;
				SWIFT_OPTIMIZATION_LEVEL = "-Owholemodule";
				VALIDATE_PRODUCT = YES;
			};
			name = Release;
		};
		E4E45FE61EF5A77100F6FF21 /* Debug */ = {
			isa = XCBuildConfiguration;
			buildSettings = {
				ASSETCATALOG_COMPILER_APPICON_NAME = AppIcon;
				DEVELOPMENT_TEAM = 698JT75A9V;
				INFOPLIST_FILE = iOSExamples/Info.plist;
				LD_RUNPATH_SEARCH_PATHS = "$(inherited) @executable_path/Frameworks";
				PRODUCT_BUNDLE_IDENTIFIER = com.ellactron.examples.iOSExamples;
				PRODUCT_NAME = "$(TARGET_NAME)";
				SWIFT_VERSION = 3.0;
			};
			name = Debug;
		};
		E4E45FE71EF5A77100F6FF21 /* Release */ = {
			isa = XCBuildConfiguration;
			buildSettings = {
				ASSETCATALOG_COMPILER_APPICON_NAME = AppIcon;
				DEVELOPMENT_TEAM = 698JT75A9V;
				INFOPLIST_FILE = iOSExamples/Info.plist;
				LD_RUNPATH_SEARCH_PATHS = "$(inherited) @executable_path/Frameworks";
				PRODUCT_BUNDLE_IDENTIFIER = com.ellactron.examples.iOSExamples;
				PRODUCT_NAME = "$(TARGET_NAME)";
				SWIFT_VERSION = 3.0;
			};
			name = Release;
		};
/* End XCBuildConfiguration section */

/* Begin XCConfigurationList section */
		E4E45FCE1EF5A77100F6FF21 /* Build configuration list for PBXProject "iOSExamples" */ = {
			isa = XCConfigurationList;
			buildConfigurations = (
				E4E45FE31EF5A77100F6FF21 /* Debug */,
				E4E45FE41EF5A77100F6FF21 /* Release */,
			);
			defaultConfigurationIsVisible = 0;
			defaultConfigurationName = Release;
		};
		E4E45FE51EF5A77100F6FF21 /* Build configuration list for PBXNativeTarget "iOSExamples" */ = {
			isa = XCConfigurationList;
			buildConfigurations = (
				E4E45FE61EF5A77100F6FF21 /* Debug */,
				E4E45FE71EF5A77100F6FF21 /* Release */,
			);
			defaultConfigurationIsVisible = 0;
		};
/* End XCConfigurationList section */
	};
	rootObject = E4E45FCB1EF5A77100F6FF21 /* Project object */;
}
